
Microsoft Visual Studio Solution File, Format Version 12.00
# Visual Studio 15
Project("{FAE04EC0-301F-11D3-BF4B-00C04F79EFBC}") = "Scryber.Core.OpenType", "Scryber.Core.OpenType\Scryber.Core.OpenType.csproj", "{31A1A1E8-5181-4367-8B4B-523E6B56D462}"
EndProject
Project("{FAE04EC0-301F-11D3-BF4B-00C04F79EFBC}") = "Scryber.Core.OpenType.Tests", "Scryber.Core.OpenType.Tests\Scryber.Core.OpenType.Tests.csproj", "{E701BEDF-2EF0-4E62-8AF1-4400C4079E05}"
EndProject
Project("{FAE04EC0-301F-11D3-BF4B-00C04F79EFBC}") = "Scryber.Core.OpenType.UnitTests", "Scryber.Core.OpenType.UnitTests\Scryber.Core.OpenType.UnitTests.csproj", "{29DA3CC5-BC4E-4971-9323-3691C3AEFA3C}"
EndProject
Project("{2150E333-8FDC-42A3-9474-1A3956D46DE8}") = "Solution Items", "Solution Items", "{B02F070F-7AA9-43BD-9B75-3D9CA85292D6}"
	ProjectSection(SolutionItems) = preProject
		ReadMe.md = ReadMe.md
	EndProjectSection
EndProject
Global
	GlobalSection(SolutionConfigurationPlatforms) = preSolution
		Debug|Any CPU = Debug|Any CPU
		Release|Any CPU = Release|Any CPU
	EndGlobalSection
	GlobalSection(ProjectConfigurationPlatforms) = postSolution
		{31A1A1E8-5181-4367-8B4B-523E6B56D462}.Debug|Any CPU.ActiveCfg = Debug|Any CPU
		{31A1A1E8-5181-4367-8B4B-523E6B56D462}.Debug|Any CPU.Build.0 = Debug|Any CPU
		{31A1A1E8-5181-4367-8B4B-523E6B56D462}.Release|Any CPU.ActiveCfg = Release|Any CPU
		{31A1A1E8-5181-4367-8B4B-523E6B56D462}.Release|Any CPU.Build.0 = Release|Any CPU
		{E701BEDF-2EF0-4E62-8AF1-4400C4079E05}.Debug|Any CPU.ActiveCfg = Debug|Any CPU
		{E701BEDF-2EF0-4E62-8AF1-4400C4079E05}.Debug|Any CPU.Build.0 = Debug|Any CPU
		{E701BEDF-2EF0-4E62-8AF1-4400C4079E05}.Release|Any CPU.ActiveCfg = Release|Any CPU
		{E701BEDF-2EF0-4E62-8AF1-4400C4079E05}.Release|Any CPU.Build.0 = Release|Any CPU
		{29DA3CC5-BC4E-4971-9323-3691C3AEFA3C}.Debug|Any CPU.ActiveCfg = Debug|Any CPU
		{29DA3CC5-BC4E-4971-9323-3691C3AEFA3C}.Debug|Any CPU.Build.0 = Debug|Any CPU
		{29DA3CC5-BC4E-4971-9323-3691C3AEFA3C}.Release|Any CPU.ActiveCfg = Release|Any CPU
		{29DA3CC5-BC4E-4971-9323-3691C3AEFA3C}.Release|Any CPU.Build.0 = Release|Any CPU
	EndGlobalSection
	GlobalSection(MonoDevelopProperties) = preSolution
		Policies = $0
		$0.StandardHeader = $1
		$0.VersionControlPolicy = $2
		$0.DotNetNamingPolicy = $3
		$3.DirectoryNamespaceAssociation = PrefixedHierarchical
		$0.TextStylePolicy = $4
		$4.inheritsSet = null
		$4.scope = text/x-csharp
		$0.CSharpFormattingPolicy = $5
		$5.scope = text/x-csharp
		$0.TextStylePolicy = $6
		$6.FileWidth = 80
		$6.TabsToSpaces = True
		$6.scope = text/plain
	EndGlobalSection
	GlobalSection(NestedProjects) = preSolution
	EndGlobalSection
EndGlobal
